code.hybscloud.com/atomix v0.1.0 h1:PHZEECVP4PP8o7au0NeLAqTGuP2WK65H6/walfRGqbE=
code.hybscloud.com/atomix v0.1.0/go.mod h1:FFXFkf/jD8zrBECZg0FznE06XsdgfG1ScX+9QFtJYj4=
code.hybscloud.com/iox v0.3.1 h1:iOKMv88iTiNdguHvTnm40tIFJtntTJSa+FyDpG1hb2o=
code.hybscloud.com/iox v0.3.1/go.mod h1:iI+veuSidBEVjVhhlm7vpnmuloWYTigfSsOIh342i3s=
code.hybscloud.com/spin v0.1.3 h1:QcBcoPqSAtYkIYCSvWtje/HEsQy5BFQrujNeT+T0UvY=
code.hybscloud.com/spin v0.1.3/go.mod h1:9Kx1eMuWfqmqx4P8ze9E4AdzfyJnKAQ+vvUsERJQSj4=
