code.hybscloud.com/atomix v0.1.1 h1:RpJrm/IIQuCyx5k2GzhMogqq0jVR8UWvyaApbBYfJNI=
code.hybscloud.com/atomix v0.1.1/go.mod h1:FFXFkf/jD8zrBECZg0FznE06XsdgfG1ScX+9QFtJYj4=
code.hybscloud.com/iox v0.3.2 h1:hd69P+LMpRrIehZN8NueWcvj5zCEd3cq2QCKiKB5/ck=
code.hybscloud.com/iox v0.3.2/go.mod h1:iI+veuSidBEVjVhhlm7vpnmuloWYTigfSsOIh342i3s=
code.hybscloud.com/spin v0.1.4 h1:D5VXy4s7LGRe3nxXgnt6wmIgQRUSxx9O/FYYXA0Jfa0=
code.hybscloud.com/spin v0.1.4/go.mod h1:9Kx1eMuWfqmqx4P8ze9E4AdzfyJnKAQ+vvUsERJQSj4=
